// !$*UTF8*$!
{
	archiveVersion = 1;
	classes = {
	};
	objectVersion = 56;
	objects = {

/* Begin PBXBuildFile section */
		D267CD4F2C33CA9A00495F6B /* CategoryCollectionViewCell.swift in Sources */ = {isa = PBXBuildFile; fileRef = D267CD4E2C33CA9A00495F6B /* CategoryCollectionViewCell.swift */; };
		D267CD512C33DFB400495F6B /* DessertsTableViewCell.swift in Sources */ = {isa = PBXBuildFile; fileRef = D267CD502C33DFB400495F6B /* DessertsTableViewCell.swift */; };
		D267CD542C33E41300495F6B /* APIManager.swift in Sources */ = {isa = PBXBuildFile; fileRef = D267CD532C33E41300495F6B /* APIManager.swift */; };
		D267CD562C33E4DF00495F6B /* DessertsViewModel.swift in Sources */ = {isa = PBXBuildFile; fileRef = D267CD552C33E4DF00495F6B /* DessertsViewModel.swift */; };
		D267CD582C33E55100495F6B /* DessertsModel.swift in Sources */ = {isa = PBXBuildFile; fileRef = D267CD572C33E55100495F6B /* DessertsModel.swift */; };
		D267CD5A2C33EE6100495F6B /* CategoryViewModel.swift in Sources */ = {isa = PBXBuildFile; fileRef = D267CD592C33EE6100495F6B /* CategoryViewModel.swift */; };
		D267CD5C2C33F1FF00495F6B /* CategoriesModel.swift in Sources */ = {isa = PBXBuildFile; fileRef = D267CD5B2C33F1FF00495F6B /* CategoriesModel.swift */; };
		D267CD602C3475C500495F6B /* MockCategoryViewModel.swift in Sources */ = {isa = PBXBuildFile; fileRef = D267CD5F2C3475C500495F6B /* MockCategoryViewModel.swift */; };
		D26D6D122C3520B600A9B0CF /* DetailViewController.swift in Sources */ = {isa = PBXBuildFile; fileRef = D26D6D112C3520B500A9B0CF /* DetailViewController.swift */; };
		D26D6D142C3522D100A9B0CF /* DetailsModel.swift in Sources */ = {isa = PBXBuildFile; fileRef = D26D6D132C3522D100A9B0CF /* DetailsModel.swift */; };
		D26D6D172C35527300A9B0CF /* Constants.swift in Sources */ = {isa = PBXBuildFile; fileRef = D26D6D162C35527300A9B0CF /* Constants.swift */; };
		D26D6D1A2C35572100A9B0CF /* DetailsViewModel.swift in Sources */ = {isa = PBXBuildFile; fileRef = D26D6D192C35572100A9B0CF /* DetailsViewModel.swift */; };
		D26D6D1C2C35623A00A9B0CF /* ImageTableViewCell.swift in Sources */ = {isa = PBXBuildFile; fileRef = D26D6D1B2C35623A00A9B0CF /* ImageTableViewCell.swift */; };
		D26D6D1F2C35626100A9B0CF /* TitleTableViewCell.swift in Sources */ = {isa = PBXBuildFile; fileRef = D26D6D1E2C35626100A9B0CF /* TitleTableViewCell.swift */; };
		D26D6D212C35627100A9B0CF /* InstructionsTableViewCell.swift in Sources */ = {isa = PBXBuildFile; fileRef = D26D6D202C35627100A9B0CF /* InstructionsTableViewCell.swift */; };
		D2A6EBFC2C3394A500A6847B /* AppDelegate.swift in Sources */ = {isa = PBXBuildFile; fileRef = D2A6EBFB2C3394A500A6847B /* AppDelegate.swift */; };
		D2A6EBFE2C3394A500A6847B /* SceneDelegate.swift in Sources */ = {isa = PBXBuildFile; fileRef = D2A6EBFD2C3394A500A6847B /* SceneDelegate.swift */; };
		D2A6EC002C3394A500A6847B /* HomeViewController.swift in Sources */ = {isa = PBXBuildFile; fileRef = D2A6EBFF2C3394A500A6847B /* HomeViewController.swift */; };
		D2A6EC032C3394A500A6847B /* Base in Resources */ = {isa = PBXBuildFile; fileRef = D2A6EC022C3394A500A6847B /* Base */; };
		D2A6EC052C3394A700A6847B /* Assets.xcassets in Resources */ = {isa = PBXBuildFile; fileRef = D2A6EC042C3394A700A6847B /* Assets.xcassets */; };
		D2A6EC082C3394A700A6847B /* Base in Resources */ = {isa = PBXBuildFile; fileRef = D2A6EC072C3394A700A6847B /* Base */; };
		D2A6EC132C3394A700A6847B /* MealMasterTests.swift in Sources */ = {isa = PBXBuildFile; fileRef = D2A6EC122C3394A700A6847B /* MealMasterTests.swift */; };
		D2A6EC1D2C3394A700A6847B /* MealMasterUITests.swift in Sources */ = {isa = PBXBuildFile; fileRef = D2A6EC1C2C3394A700A6847B /* MealMasterUITests.swift */; };
		D2A6EC1F2C3394A700A6847B /* MealMasterUITestsLaunchTests.swift in Sources */ = {isa = PBXBuildFile; fileRef = D2A6EC1E2C3394A700A6847B /* MealMasterUITestsLaunchTests.swift */; };
/* End PBXBuildFile section */

/* Begin PBXContainerItemProxy section */
		D2A6EC0F2C3394A700A6847B /* PBXContainerItemProxy */ = {
			isa = PBXContainerItemProxy;
			containerPortal = D2A6EBF02C3394A500A6847B /* Project object */;
			proxyType = 1;
			remoteGlobalIDString = D2A6EBF72C3394A500A6847B;
			remoteInfo = MealMaster;
		};
		D2A6EC192C3394A700A6847B /* PBXContainerItemProxy */ = {
			isa = PBXContainerItemProxy;
			containerPortal = D2A6EBF02C3394A500A6847B /* Project object */;
			proxyType = 1;
			remoteGlobalIDString = D2A6EBF72C3394A500A6847B;
			remoteInfo = MealMaster;
		};
/* End PBXContainerItemProxy section */

/* Begin PBXFileReference section */
		D267CD4E2C33CA9A00495F6B /* CategoryCollectionViewCell.swift */ = {isa = PBXFileReference; lastKnownFileType = sourcecode.swift; path = CategoryCollectionViewCell.swift; sourceTree = "<group>"; };
		D267CD502C33DFB400495F6B /* DessertsTableViewCell.swift */ = {isa = PBXFileReference; lastKnownFileType = sourcecode.swift; path = DessertsTableViewCell.swift; sourceTree = "<group>"; };
		D267CD532C33E41300495F6B /* APIManager.swift */ = {isa = PBXFileReference; lastKnownFileType = sourcecode.swift; path = APIManager.swift; sourceTree = "<group>"; };
		D267CD552C33E4DF00495F6B /* DessertsViewModel.swift */ = {isa = PBXFileReference; lastKnownFileType = sourcecode.swift; path = DessertsViewModel.swift; sourceTree = "<group>"; };
		D267CD572C33E55100495F6B /* DessertsModel.swift */ = {isa = PBXFileReference; lastKnownFileType = sourcecode.swift; name = DessertsModel.swift; path = MealMaster/Model/DessertsModel.swift; sourceTree = SOURCE_ROOT; };
		D267CD592C33EE6100495F6B /* CategoryViewModel.swift */ = {isa = PBXFileReference; lastKnownFileType = sourcecode.swift; path = CategoryViewModel.swift; sourceTree = "<group>"; };
		D267CD5B2C33F1FF00495F6B /* CategoriesModel.swift */ = {isa = PBXFileReference; lastKnownFileType = sourcecode.swift; name = CategoriesModel.swift; path = MealMaster/Model/CategoriesModel.swift; sourceTree = SOURCE_ROOT; };
		D267CD5F2C3475C500495F6B /* MockCategoryViewModel.swift */ = {isa = PBXFileReference; lastKnownFileType = sourcecode.swift; path = MockCategoryViewModel.swift; sourceTree = "<group>"; };
		D26D6D112C3520B500A9B0CF /* DetailViewController.swift */ = {isa = PBXFileReference; lastKnownFileType = sourcecode.swift; path = DetailViewController.swift; sourceTree = "<group>"; };
		D26D6D132C3522D100A9B0CF /* DetailsModel.swift */ = {isa = PBXFileReference; lastKnownFileType = sourcecode.swift; name = DetailsModel.swift; path = MealMaster/Model/DetailsModel.swift; sourceTree = SOURCE_ROOT; };
		D26D6D162C35527300A9B0CF /* Constants.swift */ = {isa = PBXFileReference; lastKnownFileType = sourcecode.swift; path = Constants.swift; sourceTree = "<group>"; };
		D26D6D192C35572100A9B0CF /* DetailsViewModel.swift */ = {isa = PBXFileReference; lastKnownFileType = sourcecode.swift; path = DetailsViewModel.swift; sourceTree = "<group>"; };
		D26D6D1B2C35623A00A9B0CF /* ImageTableViewCell.swift */ = {isa = PBXFileReference; lastKnownFileType = sourcecode.swift; path = ImageTableViewCell.swift; sourceTree = "<group>"; };
		D26D6D1E2C35626100A9B0CF /* TitleTableViewCell.swift */ = {isa = PBXFileReference; lastKnownFileType = sourcecode.swift; path = TitleTableViewCell.swift; sourceTree = "<group>"; };
		D26D6D202C35627100A9B0CF /* InstructionsTableViewCell.swift */ = {isa = PBXFileReference; lastKnownFileType = sourcecode.swift; path = InstructionsTableViewCell.swift; sourceTree = "<group>"; };
		D2A6EBF82C3394A500A6847B /* MealMaster.app */ = {isa = PBXFileReference; explicitFileType = wrapper.application; includeInIndex = 0; path = MealMaster.app; sourceTree = BUILT_PRODUCTS_DIR; };
		D2A6EBFB2C3394A500A6847B /* AppDelegate.swift */ = {isa = PBXFileReference; lastKnownFileType = sourcecode.swift; path = AppDelegate.swift; sourceTree = "<group>"; };
		D2A6EBFD2C3394A500A6847B /* SceneDelegate.swift */ = {isa = PBXFileReference; lastKnownFileType = sourcecode.swift; path = SceneDelegate.swift; sourceTree = "<group>"; };
		D2A6EBFF2C3394A500A6847B /* HomeViewController.swift */ = {isa = PBXFileReference; lastKnownFileType = sourcecode.swift; path = HomeViewController.swift; sourceTree = "<group>"; };
		D2A6EC022C3394A500A6847B /* Base */ = {isa = PBXFileReference; lastKnownFileType = file.storyboard; name = Base; path = Base.lproj/Main.storyboard; sourceTree = "<group>"; };
		D2A6EC042C3394A700A6847B /* Assets.xcassets */ = {isa = PBXFileReference; lastKnownFileType = folder.assetcatalog; path = Assets.xcassets; sourceTree = "<group>"; };
		D2A6EC072C3394A700A6847B /* Base */ = {isa = PBXFileReference; lastKnownFileType = file.storyboard; name = Base; path = Base.lproj/LaunchScreen.storyboard; sourceTree = "<group>"; };
		D2A6EC092C3394A700A6847B /* Info.plist */ = {isa = PBXFileReference; lastKnownFileType = text.plist.xml; path = Info.plist; sourceTree = "<group>"; };
		D2A6EC0E2C3394A700A6847B /* MealMasterTests.xctest */ = {isa = PBXFileReference; explicitFileType = wrapper.cfbundle; includeInIndex = 0; path = MealMasterTests.xctest; sourceTree = BUILT_PRODUCTS_DIR; };
		D2A6EC122C3394A700A6847B /* MealMasterTests.swift */ = {isa = PBXFileReference; lastKnownFileType = sourcecode.swift; path = MealMasterTests.swift; sourceTree = "<group>"; };
		D2A6EC182C3394A700A6847B /* MealMasterUITests.xctest */ = {isa = PBXFileReference; explicitFileType = wrapper.cfbundle; includeInIndex = 0; path = MealMasterUITests.xctest; sourceTree = BUILT_PRODUCTS_DIR; };
		D2A6EC1C2C3394A700A6847B /* MealMasterUITests.swift */ = {isa = PBXFileReference; lastKnownFileType = sourcecode.swift; path = MealMasterUITests.swift; sourceTree = "<group>"; };
		D2A6EC1E2C3394A700A6847B /* MealMasterUITestsLaunchTests.swift */ = {isa = PBXFileReference; lastKnownFileType = sourcecode.swift; path = MealMasterUITestsLaunchTests.swift; sourceTree = "<group>"; };
/* End PBXFileReference section */

/* Begin PBXFrameworksBuildPhase section */
		D2A6EBF52C3394A500A6847B /* Frameworks */ = {
			isa = PBXFrameworksBuildPhase;
			buildActionMask = 2147483647;
			files = (
			);
			runOnlyForDeploymentPostprocessing = 0;
		};
		D2A6EC0B2C3394A700A6847B /* Frameworks */ = {
			isa = PBXFrameworksBuildPhase;
			buildActionMask = 2147483647;
			files = (
			);
			runOnlyForDeploymentPostprocessing = 0;
		};
		D2A6EC152C3394A700A6847B /* Frameworks */ = {
			isa = PBXFrameworksBuildPhase;
			buildActionMask = 2147483647;
			files = (
			);
			runOnlyForDeploymentPostprocessing = 0;
		};
/* End PBXFrameworksBuildPhase section */

/* Begin PBXGroup section */
		D21606502C3395E100CF5DA2 /* View */ = {
			isa = PBXGroup;
			children = (
				D26D6D1D2C35624300A9B0CF /* DetailsTableViewCells */,
				D267CD4E2C33CA9A00495F6B /* CategoryCollectionViewCell.swift */,
				D267CD502C33DFB400495F6B /* DessertsTableViewCell.swift */,
				D267CD4D2C33962100495F6B /* Controller */,
			);
			path = View;
			sourceTree = "<group>";
		};
		D267CD4C2C33960A00495F6B /* ViewModel */ = {
			isa = PBXGroup;
			children = (
				D267CD552C33E4DF00495F6B /* DessertsViewModel.swift */,
				D267CD592C33EE6100495F6B /* CategoryViewModel.swift */,
				D267CD5F2C3475C500495F6B /* MockCategoryViewModel.swift */,
				D26D6D192C35572100A9B0CF /* DetailsViewModel.swift */,
			);
			path = ViewModel;
			sourceTree = "<group>";
		};
		D267CD4D2C33962100495F6B /* Controller */ = {
			isa = PBXGroup;
			children = (
				D2A6EBFF2C3394A500A6847B /* HomeViewController.swift */,
				D26D6D112C3520B500A9B0CF /* DetailViewController.swift */,
			);
			path = Controller;
			sourceTree = "<group>";
		};
		D267CD522C33E3F000495F6B /* APIManager */ = {
			isa = PBXGroup;
			children = (
				D267CD532C33E41300495F6B /* APIManager.swift */,
			);
			path = APIManager;
			sourceTree = "<group>";
		};
		D26D6D152C35525300A9B0CF /* Common */ = {
			isa = PBXGroup;
			children = (
				D26D6D162C35527300A9B0CF /* Constants.swift */,
			);
			path = Common;
			sourceTree = "<group>";
		};
		D26D6D182C35564200A9B0CF /* Model */ = {
			isa = PBXGroup;
			children = (
				D267CD572C33E55100495F6B /* DessertsModel.swift */,
				D267CD5B2C33F1FF00495F6B /* CategoriesModel.swift */,
				D26D6D132C3522D100A9B0CF /* DetailsModel.swift */,
			);
			path = Model;
			sourceTree = "<group>";
		};
		D26D6D1D2C35624300A9B0CF /* DetailsTableViewCells */ = {
			isa = PBXGroup;
			children = (
				D26D6D1B2C35623A00A9B0CF /* ImageTableViewCell.swift */,
				D26D6D1E2C35626100A9B0CF /* TitleTableViewCell.swift */,
				D26D6D202C35627100A9B0CF /* InstructionsTableViewCell.swift */,
			);
			path = DetailsTableViewCells;
			sourceTree = "<group>";
		};
		D2A6EBEF2C3394A500A6847B = {
			isa = PBXGroup;
			children = (
				D2A6EBFA2C3394A500A6847B /* MealMaster */,
				D2A6EC112C3394A700A6847B /* MealMasterTests */,
				D2A6EC1B2C3394A700A6847B /* MealMasterUITests */,
				D2A6EBF92C3394A500A6847B /* Products */,
			);
			sourceTree = "<group>";
		};
		D2A6EBF92C3394A500A6847B /* Products */ = {
			isa = PBXGroup;
			children = (
				D2A6EBF82C3394A500A6847B /* MealMaster.app */,
				D2A6EC0E2C3394A700A6847B /* MealMasterTests.xctest */,
				D2A6EC182C3394A700A6847B /* MealMasterUITests.xctest */,
			);
			name = Products;
			sourceTree = "<group>";
		};
		D2A6EBFA2C3394A500A6847B /* MealMaster */ = {
			isa = PBXGroup;
			children = (
				D26D6D182C35564200A9B0CF /* Model */,
				D21606502C3395E100CF5DA2 /* View */,
				D267CD4C2C33960A00495F6B /* ViewModel */,
				D267CD522C33E3F000495F6B /* APIManager */,
				D26D6D152C35525300A9B0CF /* Common */,
				D2A6EBFB2C3394A500A6847B /* AppDelegate.swift */,
				D2A6EBFD2C3394A500A6847B /* SceneDelegate.swift */,
				D2A6EC012C3394A500A6847B /* Main.storyboard */,
				D2A6EC042C3394A700A6847B /* Assets.xcassets */,
				D2A6EC062C3394A700A6847B /* LaunchScreen.storyboard */,
				D2A6EC092C3394A700A6847B /* Info.plist */,
			);
			path = MealMaster;
			sourceTree = "<group>";
		};
		D2A6EC112C3394A700A6847B /* MealMasterTests */ = {
			isa = PBXGroup;
			children = (
				D2A6EC122C3394A700A6847B /* MealMasterTests.swift */,
			);
			path = MealMasterTests;
			sourceTree = "<group>";
		};
		D2A6EC1B2C3394A700A6847B /* MealMasterUITests */ = {
			isa = PBXGroup;
			children = (
				D2A6EC1C2C3394A700A6847B /* MealMasterUITests.swift */,
				D2A6EC1E2C3394A700A6847B /* MealMasterUITestsLaunchTests.swift */,
			);
			path = MealMasterUITests;
			sourceTree = "<group>";
		};
/* End PBXGroup section */

/* Begin PBXNativeTarget section */
		D2A6EBF72C3394A500A6847B /* MealMaster */ = {
			isa = PBXNativeTarget;
			buildConfigurationList = D2A6EC222C3394A700A6847B /* Build configuration list for PBXNativeTarget "MealMaster" */;
			buildPhases = (
				D2A6EBF42C3394A500A6847B /* Sources */,
				D2A6EBF52C3394A500A6847B /* Frameworks */,
				D2A6EBF62C3394A500A6847B /* Resources */,
			);
			buildRules = (
			);
			dependencies = (
			);
			name = MealMaster;
			productName = MealMaster;
			productReference = D2A6EBF82C3394A500A6847B /* MealMaster.app */;
			productType = "com.apple.product-type.application";
		};
		D2A6EC0D2C3394A700A6847B /* MealMasterTests */ = {
			isa = PBXNativeTarget;
			buildConfigurationList = D2A6EC252C3394A700A6847B /* Build configuration list for PBXNativeTarget "MealMasterTests" */;
			buildPhases = (
				D2A6EC0A2C3394A700A6847B /* Sources */,
				D2A6EC0B2C3394A700A6847B /* Frameworks */,
				D2A6EC0C2C3394A700A6847B /* Resources */,
			);
			buildRules = (
			);
			dependencies = (
				D2A6EC102C3394A700A6847B /* PBXTargetDependency */,
			);
			name = MealMasterTests;
			productName = MealMasterTests;
			productReference = D2A6EC0E2C3394A700A6847B /* MealMasterTests.xctest */;
			productType = "com.apple.product-type.bundle.unit-test";
		};
		D2A6EC172C3394A700A6847B /* MealMasterUITests */ = {
			isa = PBXNativeTarget;
			buildConfigurationList = D2A6EC282C3394A700A6847B /* Build configuration list for PBXNativeTarget "MealMasterUITests" */;
			buildPhases = (
				D2A6EC142C3394A700A6847B /* Sources */,
				D2A6EC152C3394A700A6847B /* Frameworks */,
				D2A6EC162C3394A700A6847B /* Resources */,
			);
			buildRules = (
			);
			dependencies = (
				D2A6EC1A2C3394A700A6847B /* PBXTargetDependency */,
			);
			name = MealMasterUITests;
			productName = MealMasterUITests;
			productReference = D2A6EC182C3394A700A6847B /* MealMasterUITests.xctest */;
			productType = "com.apple.product-type.bundle.ui-testing";
		};
/* End PBXNativeTarget section */

/* Begin PBXProject section */
		D2A6EBF02C3394A500A6847B /* Project object */ = {
			isa = PBXProject;
			attributes = {
				BuildIndependentTargetsInParallel = 1;
				LastSwiftUpdateCheck = 1540;
				LastUpgradeCheck = 1540;
				TargetAttributes = {
					D2A6EBF72C3394A500A6847B = {
						CreatedOnToolsVersion = 15.4;
					};
					D2A6EC0D2C3394A700A6847B = {
						CreatedOnToolsVersion = 15.4;
						TestTargetID = D2A6EBF72C3394A500A6847B;
					};
					D2A6EC172C3394A700A6847B = {
						CreatedOnToolsVersion = 15.4;
						TestTargetID = D2A6EBF72C3394A500A6847B;
					};
				};
			};
			buildConfigurationList = D2A6EBF32C3394A500A6847B /* Build configuration list for PBXProject "MealMaster" */;
			compatibilityVersion = "Xcode 14.0";
			developmentRegion = en;
			hasScannedForEncodings = 0;
			knownRegions = (
				en,
				Base,
			);
			mainGroup = D2A6EBEF2C3394A500A6847B;
			productRefGroup = D2A6EBF92C3394A500A6847B /* Products */;
			projectDirPath = "";
			projectRoot = "";
			targets = (
				D2A6EBF72C3394A500A6847B /* MealMaster */,
				D2A6EC0D2C3394A700A6847B /* MealMasterTests */,
				D2A6EC172C3394A700A6847B /* MealMasterUITests */,
			);
		};
/* End PBXProject section */

/* Begin PBXResourcesBuildPhase section */
		D2A6EBF62C3394A500A6847B /* Resources */ = {
			isa = PBXResourcesBuildPhase;
			buildActionMask = 2147483647;
			files = (
				D2A6EC052C3394A700A6847B /* Assets.xcassets in Resources */,
				D2A6EC082C3394A700A6847B /* Base in Resources */,
				D2A6EC032C3394A500A6847B /* Base in Resources */,
			);
			runOnlyForDeploymentPostprocessing = 0;
		};
		D2A6EC0C2C3394A700A6847B /* Resources */ = {
			isa = PBXResourcesBuildPhase;
			buildActionMask = 2147483647;
			files = (
			);
			runOnlyForDeploymentPostprocessing = 0;
		};
		D2A6EC162C3394A700A6847B /* Resources */ = {
			isa = PBXResourcesBuildPhase;
			buildActionMask = 2147483647;
			files = (
			);
			runOnlyForDeploymentPostprocessing = 0;
		};
/* End PBXResourcesBuildPhase section */

/* Begin PBXSourcesBuildPhase section */
		D2A6EBF42C3394A500A6847B /* Sources */ = {
			isa = PBXSourcesBuildPhase;
			buildActionMask = 2147483647;
			files = (
				D267CD542C33E41300495F6B /* APIManager.swift in Sources */,
				D267CD4F2C33CA9A00495F6B /* CategoryCollectionViewCell.swift in Sources */,
				D26D6D1A2C35572100A9B0CF /* DetailsViewModel.swift in Sources */,
				D2A6EC002C3394A500A6847B /* HomeViewController.swift in Sources */,
				D26D6D122C3520B600A9B0CF /* DetailViewController.swift in Sources */,
				D26D6D1F2C35626100A9B0CF /* TitleTableViewCell.swift in Sources */,
				D26D6D212C35627100A9B0CF /* InstructionsTableViewCell.swift in Sources */,
				D267CD562C33E4DF00495F6B /* DessertsViewModel.swift in Sources */,
				D267CD582C33E55100495F6B /* DessertsModel.swift in Sources */,
				D267CD5C2C33F1FF00495F6B /* CategoriesModel.swift in Sources */,
				D267CD512C33DFB400495F6B /* DessertsTableViewCell.swift in Sources */,
				D26D6D1C2C35623A00A9B0CF /* ImageTableViewCell.swift in Sources */,
				D2A6EBFC2C3394A500A6847B /* AppDelegate.swift in Sources */,
				D26D6D142C3522D100A9B0CF /* DetailsModel.swift in Sources */,
				D267CD602C3475C500495F6B /* MockCategoryViewModel.swift in Sources */,
				D26D6D172C35527300A9B0CF /* Constants.swift in Sources */,
				D267CD5A2C33EE6100495F6B /* CategoryViewModel.swift in Sources */,
				D2A6EBFE2C3394A500A6847B /* SceneDelegate.swift in Sources */,
			);
			runOnlyForDeploymentPostprocessing = 0;
		};
		D2A6EC0A2C3394A700A6847B /* Sources */ = {
			isa = PBXSourcesBuildPhase;
			buildActionMask = 2147483647;
			files = (
				D2A6EC132C3394A700A6847B /* MealMasterTests.swift in Sources */,
			);
			runOnlyForDeploymentPostprocessing = 0;
		};
		D2A6EC142C3394A700A6847B /* Sources */ = {
			isa = PBXSourcesBuildPhase;
			buildActionMask = 2147483647;
			files = (
				D2A6EC1D2C3394A700A6847B /* MealMasterUITests.swift in Sources */,
				D2A6EC1F2C3394A700A6847B /* MealMasterUITestsLaunchTests.swift in Sources */,
			);
			runOnlyForDeploymentPostprocessing = 0;
		};
/* End PBXSourcesBuildPhase section */

/* Begin PBXTargetDependency section */
		D2A6EC102C3394A700A6847B /* PBXTargetDependency */ = {
			isa = PBXTargetDependency;
			target = D2A6EBF72C3394A500A6847B /* MealMaster */;
			targetProxy = D2A6EC0F2C3394A700A6847B /* PBXContainerItemProxy */;
		};
		D2A6EC1A2C3394A700A6847B /* PBXTargetDependency */ = {
			isa = PBXTargetDependency;
			target = D2A6EBF72C3394A500A6847B /* MealMaster */;
			targetProxy = D2A6EC192C3394A700A6847B /* PBXContainerItemProxy */;
		};
/* End PBXTargetDependency section */

/* Begin PBXVariantGroup section */
		D2A6EC012C3394A500A6847B /* Main.storyboard */ = {
			isa = PBXVariantGroup;
			children = (
				D2A6EC022C3394A500A6847B /* Base */,
			);
			name = Main.storyboard;
			sourceTree = "<group>";
		};
		D2A6EC062C3394A700A6847B /* LaunchScreen.storyboard */ = {
			isa = PBXVariantGroup;
			children = (
				D2A6EC072C3394A700A6847B /* Base */,
			);
			name = LaunchScreen.storyboard;
			sourceTree = "<group>";
		};
/* End PBXVariantGroup section */

/* Begin XCBuildConfiguration section */
		D2A6EC202C3394A700A6847B /* Debug */ = {
			isa = XCBuildConfiguration;
			buildSettings = {
				ALWAYS_SEARCH_USER_PATHS = NO;
				ASSETCATALOG_COMPILER_GENERATE_SWIFT_ASSET_SYMBOL_EXTENSIONS = YES;
				CLANG_ANALYZER_NONNULL = YES;
				CLANG_ANALYZER_NUMBER_OBJECT_CONVERSION = YES_AGGRESSIVE;
				CLANG_CXX_LANGUAGE_STANDARD = "gnu++20";
				CLANG_ENABLE_MODULES = YES;
				CLANG_ENABLE_OBJC_ARC = YES;
				CLANG_ENABLE_OBJC_WEAK = YES;
				CLANG_WARN_BLOCK_CAPTURE_AUTORELEASING = YES;
				CLANG_WARN_BOOL_CONVERSION = YES;
				CLANG_WARN_COMMA = YES;
				CLANG_WARN_CONSTANT_CONVERSION = YES;
				CLANG_WARN_DEPRECATED_OBJC_IMPLEMENTATIONS = YES;
				CLANG_WARN_DIRECT_OBJC_ISA_USAGE = YES_ERROR;
				CLANG_WARN_DOCUMENTATION_COMMENTS = YES;
				CLANG_WARN_EMPTY_BODY = YES;
				CLANG_WARN_ENUM_CONVERSION = YES;
				CLANG_WARN_INFINITE_RECURSION = YES;
				CLANG_WARN_INT_CONVERSION = YES;
				CLANG_WARN_NON_LITERAL_NULL_CONVERSION = YES;
				CLANG_WARN_OBJC_IMPLICIT_RETAIN_SELF = YES;
				CLANG_WARN_OBJC_LITERAL_CONVERSION = YES;
				CLANG_WARN_OBJC_ROOT_CLASS = YES_ERROR;
				CLANG_WARN_QUOTED_INCLUDE_IN_FRAMEWORK_HEADER = YES;
				CLANG_WARN_RANGE_LOOP_ANALYSIS = YES;
				CLANG_WARN_STRICT_PROTOTYPES = YES;
				CLANG_WARN_SUSPICIOUS_MOVE = YES;
				CLANG_WARN_UNGUARDED_AVAILABILITY = YES_AGGRESSIVE;
				CLANG_WARN_UNREACHABLE_CODE = YES;
				CLANG_WARN__DUPLICATE_METHOD_MATCH = YES;
				COPY_PHASE_STRIP = NO;
				DEBUG_INFORMATION_FORMAT = dwarf;
				ENABLE_STRICT_OBJC_MSGSEND = YES;
				ENABLE_TESTABILITY = YES;
				ENABLE_USER_SCRIPT_SANDBOXING = YES;
				GCC_C_LANGUAGE_STANDARD = gnu17;
				GCC_DYNAMIC_NO_PIC = NO;
				GCC_NO_COMMON_BLOCKS = YES;
				GCC_OPTIMIZATION_LEVEL = 0;
				GCC_PREPROCESSOR_DEFINITIONS = (
					"DEBUG=1",
					"$(inherited)",
				);
				GCC_WARN_64_TO_32_BIT_CONVERSION = YES;
				GCC_WARN_ABOUT_RETURN_TYPE = YES_ERROR;
				GCC_WARN_UNDECLARED_SELECTOR = YES;
				GCC_WARN_UNINITIALIZED_AUTOS = YES_AGGRESSIVE;
				GCC_WARN_UNUSED_FUNCTION = YES;
				GCC_WARN_UNUSED_VARIABLE = YES;
				IPHONEOS_DEPLOYMENT_TARGET = 17.5;
				LOCALIZATION_PREFERS_STRING_CATALOGS = YES;
				MTL_ENABLE_DEBUG_INFO = INCLUDE_SOURCE;
				MTL_FAST_MATH = YES;
				ONLY_ACTIVE_ARCH = YES;
				SDKROOT = iphoneos;
				SWIFT_ACTIVE_COMPILATION_CONDITIONS = "DEBUG $(inherited)";
				SWIFT_OPTIMIZATION_LEVEL = "-Onone";
			};
			name = Debug;
		};
		D2A6EC212C3394A700A6847B /* Release */ = {
			isa = XCBuildConfiguration;
			buildSettings = {
				ALWAYS_SEARCH_USER_PATHS = NO;
				ASSETCATALOG_COMPILER_GENERATE_SWIFT_ASSET_SYMBOL_EXTENSIONS = YES;
				CLANG_ANALYZER_NONNULL = YES;
				CLANG_ANALYZER_NUMBER_OBJECT_CONVERSION = YES_AGGRESSIVE;
				CLANG_CXX_LANGUAGE_STANDARD = "gnu++20";
				CLANG_ENABLE_MODULES = YES;
				CLANG_ENABLE_OBJC_ARC = YES;
				CLANG_ENABLE_OBJC_WEAK = YES;
				CLANG_WARN_BLOCK_CAPTURE_AUTORELEASING = YES;
				CLANG_WARN_BOOL_CONVERSION = YES;
				CLANG_WARN_COMMA = YES;
				CLANG_WARN_CONSTANT_CONVERSION = YES;
				CLANG_WARN_DEPRECATED_OBJC_IMPLEMENTATIONS = YES;
				CLANG_WARN_DIRECT_OBJC_ISA_USAGE = YES_ERROR;
				CLANG_WARN_DOCUMENTATION_COMMENTS = YES;
				CLANG_WARN_EMPTY_BODY = YES;
				CLANG_WARN_ENUM_CONVERSION = YES;
				CLANG_WARN_INFINITE_RECURSION = YES;
				CLANG_WARN_INT_CONVERSION = YES;
				CLANG_WARN_NON_LITERAL_NULL_CONVERSION = YES;
				CLANG_WARN_OBJC_IMPLICIT_RETAIN_SELF = YES;
				CLANG_WARN_OBJC_LITERAL_CONVERSION = YES;
				CLANG_WARN_OBJC_ROOT_CLASS = YES_ERROR;
				CLANG_WARN_QUOTED_INCLUDE_IN_FRAMEWORK_HEADER = YES;
				CLANG_WARN_RANGE_LOOP_ANALYSIS = YES;
				CLANG_WARN_STRICT_PROTOTYPES = YES;
				CLANG_WARN_SUSPICIOUS_MOVE = YES;
				CLANG_WARN_UNGUARDED_AVAILABILITY = YES_AGGRESSIVE;
				CLANG_WARN_UNREACHABLE_CODE = YES;
				CLANG_WARN__DUPLICATE_METHOD_MATCH = YES;
				COPY_PHASE_STRIP = NO;
				DEBUG_INFORMATION_FORMAT = "dwarf-with-dsym";
				ENABLE_NS_ASSERTIONS = NO;
				ENABLE_STRICT_OBJC_MSGSEND = YES;
				ENABLE_USER_SCRIPT_SANDBOXING = YES;
				GCC_C_LANGUAGE_STANDARD = gnu17;
				GCC_NO_COMMON_BLOCKS = YES;
				GCC_WARN_64_TO_32_BIT_CONVERSION = YES;
				GCC_WARN_ABOUT_RETURN_TYPE = YES_ERROR;
				GCC_WARN_UNDECLARED_SELECTOR = YES;
				GCC_WARN_UNINITIALIZED_AUTOS = YES_AGGRESSIVE;
				GCC_WARN_UNUSED_FUNCTION = YES;
				GCC_WARN_UNUSED_VARIABLE = YES;
				IPHONEOS_DEPLOYMENT_TARGET = 17.5;
				LOCALIZATION_PREFERS_STRING_CATALOGS = YES;
				MTL_ENABLE_DEBUG_INFO = NO;
				MTL_FAST_MATH = YES;
				SDKROOT = iphoneos;
				SWIFT_COMPILATION_MODE = wholemodule;
				VALIDATE_PRODUCT = YES;
			};
			name = Release;
		};
		D2A6EC232C3394A700A6847B /* Debug */ = {
			isa = XCBuildConfiguration;
			buildSettings = {
				ASSETCATALOG_COMPILER_APPICON_NAME = AppIcon;
				ASSETCATALOG_COMPILER_GLOBAL_ACCENT_COLOR_NAME = AccentColor;
				CODE_SIGN_STYLE = Automatic;
				CURRENT_PROJECT_VERSION = 1;
				GENERATE_INFOPLIST_FILE = YES;
				INFOPLIST_FILE = MealMaster/Info.plist;
				INFOPLIST_KEY_LSApplicationCategoryType = "public.app-category.food-and-drink";
				INFOPLIST_KEY_UIApplicationSupportsIndirectInputEvents = YES;
				INFOPLIST_KEY_UILaunchStoryboardName = LaunchScreen;
				INFOPLIST_KEY_UIMainStoryboardFile = Main;
				INFOPLIST_KEY_UISupportedInterfaceOrientations_iPad = "UIInterfaceOrientationPortrait UIInterfaceOrientationPortraitUpsideDown UIInterfaceOrientationLandscapeLeft UIInterfaceOrientationLandscapeRight";
				INFOPLIST_KEY_UISupportedInterfaceOrientations_iPhone = "UIInterfaceOrientationPortrait UIInterfaceOrientationLandscapeLeft UIInterfaceOrientationLandscapeRight";
				IPHONEOS_DEPLOYMENT_TARGET = 15.0;
				LD_RUNPATH_SEARCH_PATHS = (
					"$(inherited)",
					"@executable_path/Frameworks",
				);
				MARKETING_VERSION = 1.0;
				PRODUCT_BUNDLE_IDENTIFIER = com.varshith.development.mealmaster.MealMaster;
				PRODUCT_NAME = "$(TARGET_NAME)";
				SWIFT_EMIT_LOC_STRINGS = YES;
				SWIFT_VERSION = 5.0;
				TARGETED_DEVICE_FAMILY = "1,2";
			};
			name = Debug;
		};
		D2A6EC242C3394A700A6847B /* Release */ = {
			isa = XCBuildConfiguration;
			buildSettings = {
				ASSETCATALOG_COMPILER_APPICON_NAME = AppIcon;
				ASSETCATALOG_COMPILER_GLOBAL_ACCENT_COLOR_NAME = AccentColor;
				CODE_SIGN_STYLE = Automatic;
				CURRENT_PROJECT_VERSION = 1;
				GENERATE_INFOPLIST_FILE = YES;
				INFOPLIST_FILE = MealMaster/Info.plist;
				INFOPLIST_KEY_LSApplicationCategoryType = "public.app-category.food-and-drink";
				INFOPLIST_KEY_UIApplicationSupportsIndirectInputEvents = YES;
				INFOPLIST_KEY_UILaunchStoryboardName = LaunchScreen;
				INFOPLIST_KEY_UIMainStoryboardFile = Main;
				INFOPLIST_KEY_UISupportedInterfaceOrientations_iPad = "UIInterfaceOrientationPortrait UIInterfaceOrientationPortraitUpsideDown UIInterfaceOrientationLandscapeLeft UIInterfaceOrientationLandscapeRight";
				INFOPLIST_KEY_UISupportedInterfaceOrientations_iPhone = "UIInterfaceOrientationPortrait UIInterfaceOrientationLandscapeLeft UIInterfaceOrientationLandscapeRight";
				IPHONEOS_DEPLOYMENT_TARGET = 15.0;
				LD_RUNPATH_SEARCH_PATHS = (
					"$(inherited)",
					"@executable_path/Frameworks",
				);
				MARKETING_VERSION = 1.0;
				PRODUCT_BUNDLE_IDENTIFIER = com.varshith.development.mealmaster.MealMaster;
				PRODUCT_NAME = "$(TARGET_NAME)";
				SWIFT_EMIT_LOC_STRINGS = YES;
				SWIFT_VERSION = 5.0;
				TARGETED_DEVICE_FAMILY = "1,2";
			};
			name = Release;
		};
		D2A6EC262C3394A700A6847B /* Debug */ = {
			isa = XCBuildConfiguration;
			buildSettings = {
				ALWAYS_EMBED_SWIFT_STANDARD_LIBRARIES = YES;
				BUNDLE_LOADER = "$(TEST_HOST)";
				CODE_SIGN_STYLE = Automatic;
				CURRENT_PROJECT_VERSION = 1;
				GENERATE_INFOPLIST_FILE = YES;
				IPHONEOS_DEPLOYMENT_TARGET = 17.5;
				MARKETING_VERSION = 1.0;
				PRODUCT_BUNDLE_IDENTIFIER = com.varshith.development.mealmaster.MealMasterTests;
				PRODUCT_NAME = "$(TARGET_NAME)";
				SWIFT_EMIT_LOC_STRINGS = NO;
				SWIFT_VERSION = 5.0;
				TARGETED_DEVICE_FAMILY = "1,2";
				TEST_HOST = "$(BUILT_PRODUCTS_DIR)/MealMaster.app/$(BUNDLE_EXECUTABLE_FOLDER_PATH)/MealMaster";
			};
			name = Debug;
		};
		D2A6EC272C3394A700A6847B /* Release */ = {
			isa = XCBuildConfiguration;
			buildSettings = {
				ALWAYS_EMBED_SWIFT_STANDARD_LIBRARIES = YES;
				BUNDLE_LOADER = "$(TEST_HOST)";
				CODE_SIGN_STYLE = Automatic;
				CURRENT_PROJECT_VERSION = 1;
				GENERATE_INFOPLIST_FILE = YES;
				IPHONEOS_DEPLOYMENT_TARGET = 17.5;
				MARKETING_VERSION = 1.0;
				PRODUCT_BUNDLE_IDENTIFIER = com.varshith.development.mealmaster.MealMasterTests;
				PRODUCT_NAME = "$(TARGET_NAME)";
				SWIFT_EMIT_LOC_STRINGS = NO;
				SWIFT_VERSION = 5.0;
				TARGETED_DEVICE_FAMILY = "1,2";
				TEST_HOST = "$(BUILT_PRODUCTS_DIR)/MealMaster.app/$(BUNDLE_EXECUTABLE_FOLDER_PATH)/MealMaster";
			};
			name = Release;
		};
		D2A6EC292C3394A700A6847B /* Debug */ = {
			isa = XCBuildConfiguration;
			buildSettings = {
				ALWAYS_EMBED_SWIFT_STANDARD_LIBRARIES = YES;
				CODE_SIGN_STYLE = Automatic;
				CURRENT_PROJECT_VERSION = 1;
				GENERATE_INFOPLIST_FILE = YES;
				MARKETING_VERSION = 1.0;
				PRODUCT_BUNDLE_IDENTIFIER = com.varshith.development.mealmaster.MealMasterUITests;
				PRODUCT_NAME = "$(TARGET_NAME)";
				SWIFT_EMIT_LOC_STRINGS = NO;
				SWIFT_VERSION = 5.0;
				TARGETED_DEVICE_FAMILY = "1,2";
				TEST_TARGET_NAME = MealMaster;
			};
			name = Debug;
		};
		D2A6EC2A2C3394A700A6847B /* Release */ = {
			isa = XCBuildConfiguration;
			buildSettings = {
				ALWAYS_EMBED_SWIFT_STANDARD_LIBRARIES = YES;
				CODE_SIGN_STYLE = Automatic;
				CURRENT_PROJECT_VERSION = 1;
				GENERATE_INFOPLIST_FILE = YES;
				MARKETING_VERSION = 1.0;
				PRODUCT_BUNDLE_IDENTIFIER = com.varshith.development.mealmaster.MealMasterUITests;
				PRODUCT_NAME = "$(TARGET_NAME)";
				SWIFT_EMIT_LOC_STRINGS = NO;
				SWIFT_VERSION = 5.0;
				TARGETED_DEVICE_FAMILY = "1,2";
				TEST_TARGET_NAME = MealMaster;
			};
			name = Release;
		};
/* End XCBuildConfiguration section */

/* Begin XCConfigurationList section */
		D2A6EBF32C3394A500A6847B /* Build configuration list for PBXProject "MealMaster" */ = {
			isa = XCConfigurationList;
			buildConfigurations = (
				D2A6EC202C3394A700A6847B /* Debug */,
				D2A6EC212C3394A700A6847B /* Release */,
			);
			defaultConfigurationIsVisible = 0;
			defaultConfigurationName = Release;
		};
		D2A6EC222C3394A700A6847B /* Build configuration list for PBXNativeTarget "MealMaster" */ = {
			isa = XCConfigurationList;
			buildConfigurations = (
				D2A6EC232C3394A700A6847B /* Debug */,
				D2A6EC242C3394A700A6847B /* Release */,
			);
			defaultConfigurationIsVisible = 0;
			defaultConfigurationName = Release;
		};
		D2A6EC252C3394A700A6847B /* Build configuration list for PBXNativeTarget "MealMasterTests" */ = {
			isa = XCConfigurationList;
			buildConfigurations = (
				D2A6EC262C3394A700A6847B /* Debug */,
				D2A6EC272C3394A700A6847B /* Release */,
			);
			defaultConfigurationIsVisible = 0;
			defaultConfigurationName = Release;
		};
		D2A6EC282C3394A700A6847B /* Build configuration list for PBXNativeTarget "MealMasterUITests" */ = {
			isa = XCConfigurationList;
			buildConfigurations = (
				D2A6EC292C3394A700A6847B /* Debug */,
				D2A6EC2A2C3394A700A6847B /* Release */,
			);
			defaultConfigurationIsVisible = 0;
			defaultConfigurationName = Release;
		};
/* End XCConfigurationList section */
	};
	rootObject = D2A6EBF02C3394A500A6847B /* Project object */;
}
